
Microsoft Visual Studio Solution File, Format Version 12.00
# Visual Studio 15
VisualStudioVersion = 15.0.28307.329
MinimumVisualStudioVersion = 10.0.40219.1
Project("{FAE04EC0-301F-11D3-BF4B-00C04F79EFBC}") = "MessageBoardApi", "MessageBoardApi\MessageBoardApi.csproj", "{EB6F505E-E2CD-47AD-A847-5D652477F8BF}"
EndProject
Global
	GlobalSection(SolutionConfigurationPlatforms) = preSolution
		Debug|Any CPU = Debug|Any CPU
		Release|Any CPU = Release|Any CPU
	EndGlobalSection
	GlobalSection(ProjectConfigurationPlatforms) = postSolution
		{EB6F505E-E2CD-47AD-A847-5D652477F8BF}.Debug|Any CPU.ActiveCfg = Debug|Any CPU
		{EB6F505E-E2CD-47AD-A847-5D652477F8BF}.Debug|Any CPU.Build.0 = Debug|Any CPU
		{EB6F505E-E2CD-47AD-A847-5D652477F8BF}.Release|Any CPU.ActiveCfg = Release|Any CPU
		{EB6F505E-E2CD-47AD-A847-5D652477F8BF}.Release|Any CPU.Build.0 = Release|Any CPU
	EndGlobalSection
	GlobalSection(SolutionProperties) = preSolution
		HideSolutionNode = FALSE
	EndGlobalSection
	GlobalSection(ExtensibilityGlobals) = postSolution
		SolutionGuid = {4122F103-A49B-41CB-9945-F2B3B4D4F4DE}
	EndGlobalSection
EndGlobal
