
Microsoft Visual Studio Solution File, Format Version 12.00
# Visual Studio 15
VisualStudioVersion = 15.0.28307.329
MinimumVisualStudioVersion = 10.0.40219.1
Project("{FAE04EC0-301F-11D3-BF4B-00C04F79EFBC}") = "SportsAppAPI", "SportsAppAPI\SportsAppAPI.csproj", "{F536B81A-200E-4972-882E-1D6F19D7F0C2}"
EndProject
Global
	GlobalSection(SolutionConfigurationPlatforms) = preSolution
		Debug|Any CPU = Debug|Any CPU
		Release|Any CPU = Release|Any CPU
	EndGlobalSection
	GlobalSection(ProjectConfigurationPlatforms) = postSolution
		{F536B81A-200E-4972-882E-1D6F19D7F0C2}.Debug|Any CPU.ActiveCfg = Debug|Any CPU
		{F536B81A-200E-4972-882E-1D6F19D7F0C2}.Debug|Any CPU.Build.0 = Debug|Any CPU
		{F536B81A-200E-4972-882E-1D6F19D7F0C2}.Release|Any CPU.ActiveCfg = Release|Any CPU
		{F536B81A-200E-4972-882E-1D6F19D7F0C2}.Release|Any CPU.Build.0 = Release|Any CPU
	EndGlobalSection
	GlobalSection(SolutionProperties) = preSolution
		HideSolutionNode = FALSE
	EndGlobalSection
	GlobalSection(ExtensibilityGlobals) = postSolution
		SolutionGuid = {F5799335-EAA3-4374-8B5E-8AB8AECECFA8}
	EndGlobalSection
EndGlobal
